// !$*UTF8*$!
{
	archiveVersion = 1;
	classes = {
	};
	objectVersion = 46;
	objects = {

/* Begin PBXBuildFile section */
		342589A898F52218A61FEF4E /* Pods_CatchEmAllTests.framework in Frameworks */ = {isa = PBXBuildFile; fileRef = A3616132C27D7A98E85A6303 /* Pods_CatchEmAllTests.framework */; };
		437389AE7658855F939CFFEB /* Pods_CatchEmAll.framework in Frameworks */ = {isa = PBXBuildFile; fileRef = 02A0F5BF07FEA3E07C305D8B /* Pods_CatchEmAll.framework */; };
		5BBC00791D4FD23F000E0B72 /* AppDelegate.swift in Sources */ = {isa = PBXBuildFile; fileRef = 5BBC00781D4FD23F000E0B72 /* AppDelegate.swift */; };
		5BBC007B1D4FD23F000E0B72 /* ViewController.swift in Sources */ = {isa = PBXBuildFile; fileRef = 5BBC007A1D4FD23F000E0B72 /* ViewController.swift */; };
		5BBC007E1D4FD23F000E0B72 /* Main.storyboard in Resources */ = {isa = PBXBuildFile; fileRef = 5BBC007C1D4FD23F000E0B72 /* Main.storyboard */; };
		5BBC00801D4FD23F000E0B72 /* Assets.xcassets in Resources */ = {isa = PBXBuildFile; fileRef = 5BBC007F1D4FD23F000E0B72 /* Assets.xcassets */; };
		5BBC00831D4FD23F000E0B72 /* LaunchScreen.storyboard in Resources */ = {isa = PBXBuildFile; fileRef = 5BBC00811D4FD23F000E0B72 /* LaunchScreen.storyboard */; };
		B79C20D31D6965E500F9512A /* Car.swift in Sources */ = {isa = PBXBuildFile; fileRef = B79C20D21D6965E500F9512A /* Car.swift */; };
		B79C20D51D69668F00F9512A /* CarSpec.swift in Sources */ = {isa = PBXBuildFile; fileRef = B79C20D41D69668F00F9512A /* CarSpec.swift */; };
		B79C20D71D6967E800F9512A /* RaceCar.swift in Sources */ = {isa = PBXBuildFile; fileRef = B79C20D61D6967E800F9512A /* RaceCar.swift */; };
		B79C20D91D6968A700F9512A /* RaceCar.swift in Sources */ = {isa = PBXBuildFile; fileRef = B79C20D81D6968A700F9512A /* RaceCar.swift */; };
		B79C20DB1D696CE900F9512A /* Plane.swift in Sources */ = {isa = PBXBuildFile; fileRef = B79C20DA1D696CE900F9512A /* Plane.swift */; };
		B79C20DD1D696DDC00F9512A /* PlaneSpec.swift in Sources */ = {isa = PBXBuildFile; fileRef = B79C20DC1D696DDC00F9512A /* PlaneSpec.swift */; };
		B79C20DF1D69758700F9512A /* Jet.swift in Sources */ = {isa = PBXBuildFile; fileRef = B79C20DE1D69758700F9512A /* Jet.swift */; };
		B79C20E11D6975C100F9512A /* JetSpec.swift in Sources */ = {isa = PBXBuildFile; fileRef = B79C20E01D6975C100F9512A /* JetSpec.swift */; };
		B7A7166F1D695F45004D395D /* Vehicle.swift in Sources */ = {isa = PBXBuildFile; fileRef = B7A7166E1D695F45004D395D /* Vehicle.swift */; };
		B7A716711D695F59004D395D /* VehicleSpec.swift in Sources */ = {isa = PBXBuildFile; fileRef = B7A716701D695F59004D395D /* VehicleSpec.swift */; };
/* End PBXBuildFile section */

/* Begin PBXContainerItemProxy section */
		5BBC008A1D4FD23F000E0B72 /* PBXContainerItemProxy */ = {
			isa = PBXContainerItemProxy;
			containerPortal = 5BBC006D1D4FD23F000E0B72 /* Project object */;
			proxyType = 1;
			remoteGlobalIDString = 5BBC00741D4FD23F000E0B72;
			remoteInfo = CatchEmAll;
		};
/* End PBXContainerItemProxy section */

/* Begin PBXFileReference section */
		02A0F5BF07FEA3E07C305D8B /* Pods_CatchEmAll.framework */ = {isa = PBXFileReference; explicitFileType = wrapper.framework; includeInIndex = 0; path = Pods_CatchEmAll.framework; sourceTree = BUILT_PRODUCTS_DIR; };
		54AAA4E520252A06AF99366F /* Pods-CatchEmAll.debug.xcconfig */ = {isa = PBXFileReference; includeInIndex = 1; lastKnownFileType = text.xcconfig; name = "Pods-CatchEmAll.debug.xcconfig"; path = "Pods/Target Support Files/Pods-CatchEmAll/Pods-CatchEmAll.debug.xcconfig"; sourceTree = "<group>"; };
		5BBC00751D4FD23F000E0B72 /* CatchEmAll.app */ = {isa = PBXFileReference; explicitFileType = wrapper.application; includeInIndex = 0; path = CatchEmAll.app; sourceTree = BUILT_PRODUCTS_DIR; };
		5BBC00781D4FD23F000E0B72 /* AppDelegate.swift */ = {isa = PBXFileReference; lastKnownFileType = sourcecode.swift; path = AppDelegate.swift; sourceTree = "<group>"; };
		5BBC007A1D4FD23F000E0B72 /* ViewController.swift */ = {isa = PBXFileReference; lastKnownFileType = sourcecode.swift; path = ViewController.swift; sourceTree = "<group>"; };
		5BBC007D1D4FD23F000E0B72 /* Base */ = {isa = PBXFileReference; lastKnownFileType = file.storyboard; name = Base; path = Base.lproj/Main.storyboard; sourceTree = "<group>"; };
		5BBC007F1D4FD23F000E0B72 /* Assets.xcassets */ = {isa = PBXFileReference; lastKnownFileType = folder.assetcatalog; path = Assets.xcassets; sourceTree = "<group>"; };
		5BBC00821D4FD23F000E0B72 /* Base */ = {isa = PBXFileReference; lastKnownFileType = file.storyboard; name = Base; path = Base.lproj/LaunchScreen.storyboard; sourceTree = "<group>"; };
		5BBC00841D4FD23F000E0B72 /* Info.plist */ = {isa = PBXFileReference; lastKnownFileType = text.plist.xml; path = Info.plist; sourceTree = "<group>"; };
		5BBC00891D4FD23F000E0B72 /* CatchEmAllTests.xctest */ = {isa = PBXFileReference; explicitFileType = wrapper.cfbundle; includeInIndex = 0; path = CatchEmAllTests.xctest; sourceTree = BUILT_PRODUCTS_DIR; };
		5BBC008F1D4FD23F000E0B72 /* Info.plist */ = {isa = PBXFileReference; lastKnownFileType = text.plist.xml; path = Info.plist; sourceTree = "<group>"; };
		9152039817C62107787483EE /* Pods-CatchEmAllTests.release.xcconfig */ = {isa = PBXFileReference; includeInIndex = 1; lastKnownFileType = text.xcconfig; name = "Pods-CatchEmAllTests.release.xcconfig"; path = "Pods/Target Support Files/Pods-CatchEmAllTests/Pods-CatchEmAllTests.release.xcconfig"; sourceTree = "<group>"; };
		A3616132C27D7A98E85A6303 /* Pods_CatchEmAllTests.framework */ = {isa = PBXFileReference; explicitFileType = wrapper.framework; includeInIndex = 0; path = Pods_CatchEmAllTests.framework; sourceTree = BUILT_PRODUCTS_DIR; };
		B79C20D21D6965E500F9512A /* Car.swift */ = {isa = PBXFileReference; fileEncoding = 4; lastKnownFileType = sourcecode.swift; path = Car.swift; sourceTree = "<group>"; };
		B79C20D41D69668F00F9512A /* CarSpec.swift */ = {isa = PBXFileReference; fileEncoding = 4; lastKnownFileType = sourcecode.swift; path = CarSpec.swift; sourceTree = "<group>"; };
		B79C20D61D6967E800F9512A /* RaceCar.swift */ = {isa = PBXFileReference; fileEncoding = 4; lastKnownFileType = sourcecode.swift; path = RaceCar.swift; sourceTree = "<group>"; };
		B79C20D81D6968A700F9512A /* RaceCar.swift */ = {isa = PBXFileReference; fileEncoding = 4; lastKnownFileType = sourcecode.swift; path = RaceCar.swift; sourceTree = "<group>"; };
		B79C20DA1D696CE900F9512A /* Plane.swift */ = {isa = PBXFileReference; fileEncoding = 4; lastKnownFileType = sourcecode.swift; path = Plane.swift; sourceTree = "<group>"; };
		B79C20DC1D696DDC00F9512A /* PlaneSpec.swift */ = {isa = PBXFileReference; fileEncoding = 4; lastKnownFileType = sourcecode.swift; path = PlaneSpec.swift; sourceTree = "<group>"; };
		B79C20DE1D69758700F9512A /* Jet.swift */ = {isa = PBXFileReference; fileEncoding = 4; lastKnownFileType = sourcecode.swift; path = Jet.swift; sourceTree = "<group>"; };
		B79C20E01D6975C100F9512A /* JetSpec.swift */ = {isa = PBXFileReference; fileEncoding = 4; lastKnownFileType = sourcecode.swift; path = JetSpec.swift; sourceTree = "<group>"; };
		B7A7166E1D695F45004D395D /* Vehicle.swift */ = {isa = PBXFileReference; fileEncoding = 4; lastKnownFileType = sourcecode.swift; path = Vehicle.swift; sourceTree = "<group>"; };
		B7A716701D695F59004D395D /* VehicleSpec.swift */ = {isa = PBXFileReference; fileEncoding = 4; lastKnownFileType = sourcecode.swift; path = VehicleSpec.swift; sourceTree = "<group>"; };
		CD603CE32CCC5341EA172E4F /* Pods-CatchEmAllTests.debug.xcconfig */ = {isa = PBXFileReference; includeInIndex = 1; lastKnownFileType = text.xcconfig; name = "Pods-CatchEmAllTests.debug.xcconfig"; path = "Pods/Target Support Files/Pods-CatchEmAllTests/Pods-CatchEmAllTests.debug.xcconfig"; sourceTree = "<group>"; };
		E16FC23C64546C52A0032DAB /* Pods-CatchEmAll.release.xcconfig */ = {isa = PBXFileReference; includeInIndex = 1; lastKnownFileType = text.xcconfig; name = "Pods-CatchEmAll.release.xcconfig"; path = "Pods/Target Support Files/Pods-CatchEmAll/Pods-CatchEmAll.release.xcconfig"; sourceTree = "<group>"; };
/* End PBXFileReference section */

/* Begin PBXFrameworksBuildPhase section */
		5BBC00721D4FD23F000E0B72 /* Frameworks */ = {
			isa = PBXFrameworksBuildPhase;
			buildActionMask = 2147483647;
			files = (
				437389AE7658855F939CFFEB /* Pods_CatchEmAll.framework in Frameworks */,
			);
			runOnlyForDeploymentPostprocessing = 0;
		};
		5BBC00861D4FD23F000E0B72 /* Frameworks */ = {
			isa = PBXFrameworksBuildPhase;
			buildActionMask = 2147483647;
			files = (
				342589A898F52218A61FEF4E /* Pods_CatchEmAllTests.framework in Frameworks */,
			);
			runOnlyForDeploymentPostprocessing = 0;
		};
/* End PBXFrameworksBuildPhase section */

/* Begin PBXGroup section */
		1B227E93D2AB0F9CF81AD6D6 /* Frameworks */ = {
			isa = PBXGroup;
			children = (
				02A0F5BF07FEA3E07C305D8B /* Pods_CatchEmAll.framework */,
				A3616132C27D7A98E85A6303 /* Pods_CatchEmAllTests.framework */,
			);
			name = Frameworks;
			sourceTree = "<group>";
		};
		5BBC006C1D4FD23F000E0B72 = {
			isa = PBXGroup;
			children = (
				5BBC00771D4FD23F000E0B72 /* CatchEmAll */,
				5BBC008C1D4FD23F000E0B72 /* CatchEmAllTests */,
				5BBC00761D4FD23F000E0B72 /* Products */,
				8008018D78E123A1217CAE2A /* Pods */,
				1B227E93D2AB0F9CF81AD6D6 /* Frameworks */,
			);
			sourceTree = "<group>";
		};
		5BBC00761D4FD23F000E0B72 /* Products */ = {
			isa = PBXGroup;
			children = (
				5BBC00751D4FD23F000E0B72 /* CatchEmAll.app */,
				5BBC00891D4FD23F000E0B72 /* CatchEmAllTests.xctest */,
			);
			name = Products;
			sourceTree = "<group>";
		};
		5BBC00771D4FD23F000E0B72 /* CatchEmAll */ = {
			isa = PBXGroup;
			children = (
				B79C20D21D6965E500F9512A /* Car.swift */,
				B79C20DE1D69758700F9512A /* Jet.swift */,
				B79C20DA1D696CE900F9512A /* Plane.swift */,
				B79C20D61D6967E800F9512A /* RaceCar.swift */,
				B7A7166E1D695F45004D395D /* Vehicle.swift */,
				B7A7166C1D695EDD004D395D /* Supporting Files */,
			);
			path = CatchEmAll;
			sourceTree = "<group>";
		};
		5BBC008C1D4FD23F000E0B72 /* CatchEmAllTests */ = {
			isa = PBXGroup;
			children = (
				B79C20D41D69668F00F9512A /* CarSpec.swift */,
				B79C20E01D6975C100F9512A /* JetSpec.swift */,
				B79C20DC1D696DDC00F9512A /* PlaneSpec.swift */,
				B79C20D81D6968A700F9512A /* RaceCar.swift */,
				B7A716701D695F59004D395D /* VehicleSpec.swift */,
				B7A7166D1D695EF1004D395D /* Supporting Files */,
			);
			path = CatchEmAllTests;
			sourceTree = "<group>";
		};
		8008018D78E123A1217CAE2A /* Pods */ = {
			isa = PBXGroup;
			children = (
				54AAA4E520252A06AF99366F /* Pods-CatchEmAll.debug.xcconfig */,
				E16FC23C64546C52A0032DAB /* Pods-CatchEmAll.release.xcconfig */,
				CD603CE32CCC5341EA172E4F /* Pods-CatchEmAllTests.debug.xcconfig */,
				9152039817C62107787483EE /* Pods-CatchEmAllTests.release.xcconfig */,
			);
			name = Pods;
			sourceTree = "<group>";
		};
		B7A7166C1D695EDD004D395D /* Supporting Files */ = {
			isa = PBXGroup;
			children = (
				5BBC00781D4FD23F000E0B72 /* AppDelegate.swift */,
				5BBC007A1D4FD23F000E0B72 /* ViewController.swift */,
				5BBC007C1D4FD23F000E0B72 /* Main.storyboard */,
				5BBC007F1D4FD23F000E0B72 /* Assets.xcassets */,
				5BBC00811D4FD23F000E0B72 /* LaunchScreen.storyboard */,
				5BBC00841D4FD23F000E0B72 /* Info.plist */,
			);
			name = "Supporting Files";
			sourceTree = "<group>";
		};
		B7A7166D1D695EF1004D395D /* Supporting Files */ = {
			isa = PBXGroup;
			children = (
				5BBC008F1D4FD23F000E0B72 /* Info.plist */,
			);
			name = "Supporting Files";
			sourceTree = "<group>";
		};
/* End PBXGroup section */

/* Begin PBXNativeTarget section */
		5BBC00741D4FD23F000E0B72 /* CatchEmAll */ = {
			isa = PBXNativeTarget;
			buildConfigurationList = 5BBC00921D4FD23F000E0B72 /* Build configuration list for PBXNativeTarget "CatchEmAll" */;
			buildPhases = (
				E699D76837AE9BDC7FC70EFB /* [CP] Check Pods Manifest.lock */,
				5BBC00711D4FD23F000E0B72 /* Sources */,
				5BBC00721D4FD23F000E0B72 /* Frameworks */,
				5BBC00731D4FD23F000E0B72 /* Resources */,
				617093B35B0C67B28AB694D5 /* [CP] Embed Pods Frameworks */,
				AD22A9FDEEA29B2F01F25ED2 /* [CP] Copy Pods Resources */,
			);
			buildRules = (
			);
			dependencies = (
			);
			name = CatchEmAll;
			productName = CatchEmAll;
			productReference = 5BBC00751D4FD23F000E0B72 /* CatchEmAll.app */;
			productType = "com.apple.product-type.application";
		};
		5BBC00881D4FD23F000E0B72 /* CatchEmAllTests */ = {
			isa = PBXNativeTarget;
			buildConfigurationList = 5BBC00951D4FD23F000E0B72 /* Build configuration list for PBXNativeTarget "CatchEmAllTests" */;
			buildPhases = (
				28CC5C92E6318F11F092BE57 /* [CP] Check Pods Manifest.lock */,
				5BBC00851D4FD23F000E0B72 /* Sources */,
				5BBC00861D4FD23F000E0B72 /* Frameworks */,
				5BBC00871D4FD23F000E0B72 /* Resources */,
				7D763DC430912AD93928E3AF /* [CP] Embed Pods Frameworks */,
				D743EBB172FDAF36C9DA59AB /* [CP] Copy Pods Resources */,
			);
			buildRules = (
			);
			dependencies = (
				5BBC008B1D4FD23F000E0B72 /* PBXTargetDependency */,
			);
			name = CatchEmAllTests;
			productName = CatchEmAllTests;
			productReference = 5BBC00891D4FD23F000E0B72 /* CatchEmAllTests.xctest */;
			productType = "com.apple.product-type.bundle.unit-test";
		};
/* End PBXNativeTarget section */

/* Begin PBXProject section */
		5BBC006D1D4FD23F000E0B72 /* Project object */ = {
			isa = PBXProject;
			attributes = {
				LastSwiftUpdateCheck = 0730;
				LastUpgradeCheck = 0820;
				ORGANIZATIONNAME = "Flatiron School";
				TargetAttributes = {
					5BBC00741D4FD23F000E0B72 = {
						CreatedOnToolsVersion = 7.3.1;
						LastSwiftMigration = 0800;
					};
					5BBC00881D4FD23F000E0B72 = {
						CreatedOnToolsVersion = 7.3.1;
						LastSwiftMigration = 0800;
						TestTargetID = 5BBC00741D4FD23F000E0B72;
					};
				};
			};
			buildConfigurationList = 5BBC00701D4FD23F000E0B72 /* Build configuration list for PBXProject "CatchEmAll" */;
			compatibilityVersion = "Xcode 3.2";
			developmentRegion = English;
			hasScannedForEncodings = 0;
			knownRegions = (
				en,
				Base,
			);
			mainGroup = 5BBC006C1D4FD23F000E0B72;
			productRefGroup = 5BBC00761D4FD23F000E0B72 /* Products */;
			projectDirPath = "";
			projectRoot = "";
			targets = (
				5BBC00741D4FD23F000E0B72 /* CatchEmAll */,
				5BBC00881D4FD23F000E0B72 /* CatchEmAllTests */,
			);
		};
/* End PBXProject section */

/* Begin PBXResourcesBuildPhase section */
		5BBC00731D4FD23F000E0B72 /* Resources */ = {
			isa = PBXResourcesBuildPhase;
			buildActionMask = 2147483647;
			files = (
				5BBC00831D4FD23F000E0B72 /* LaunchScreen.storyboard in Resources */,
				5BBC00801D4FD23F000E0B72 /* Assets.xcassets in Resources */,
				5BBC007E1D4FD23F000E0B72 /* Main.storyboard in Resources */,
			);
			runOnlyForDeploymentPostprocessing = 0;
		};
		5BBC00871D4FD23F000E0B72 /* Resources */ = {
			isa = PBXResourcesBuildPhase;
			buildActionMask = 2147483647;
			files = (
			);
			runOnlyForDeploymentPostprocessing = 0;
		};
/* End PBXResourcesBuildPhase section */

/* Begin PBXShellScriptBuildPhase section */
		28CC5C92E6318F11F092BE57 /* [CP] Check Pods Manifest.lock */ = {
			isa = PBXShellScriptBuildPhase;
			buildActionMask = 2147483647;
			files = (
			);
			inputPaths = (
			);
			name = "[CP] Check Pods Manifest.lock";
			outputPaths = (
			);
			runOnlyForDeploymentPostprocessing = 0;
			shellPath = /bin/sh;
			shellScript = "diff \"${PODS_ROOT}/../Podfile.lock\" \"${PODS_ROOT}/Manifest.lock\" > /dev/null\nif [[ $? != 0 ]] ; then\n    cat << EOM\nerror: The sandbox is not in sync with the Podfile.lock. Run 'pod install' or update your CocoaPods installation.\nEOM\n    exit 1\nfi\n";
			showEnvVarsInLog = 0;
		};
		617093B35B0C67B28AB694D5 /* [CP] Embed Pods Frameworks */ = {
			isa = PBXShellScriptBuildPhase;
			buildActionMask = 2147483647;
			files = (
			);
			inputPaths = (
			);
			name = "[CP] Embed Pods Frameworks";
			outputPaths = (
			);
			runOnlyForDeploymentPostprocessing = 0;
			shellPath = /bin/sh;
			shellScript = "\"${SRCROOT}/Pods/Target Support Files/Pods-CatchEmAll/Pods-CatchEmAll-frameworks.sh\"\n";
			showEnvVarsInLog = 0;
		};
		7D763DC430912AD93928E3AF /* [CP] Embed Pods Frameworks */ = {
			isa = PBXShellScriptBuildPhase;
			buildActionMask = 2147483647;
			files = (
			);
			inputPaths = (
			);
			name = "[CP] Embed Pods Frameworks";
			outputPaths = (
			);
			runOnlyForDeploymentPostprocessing = 0;
			shellPath = /bin/sh;
			shellScript = "\"${SRCROOT}/Pods/Target Support Files/Pods-CatchEmAllTests/Pods-CatchEmAllTests-frameworks.sh\"\n";
			showEnvVarsInLog = 0;
		};
		AD22A9FDEEA29B2F01F25ED2 /* [CP] Copy Pods Resources */ = {
			isa = PBXShellScriptBuildPhase;
			buildActionMask = 2147483647;
			files = (
			);
			inputPaths = (
			);
			name = "[CP] Copy Pods Resources";
			outputPaths = (
			);
			runOnlyForDeploymentPostprocessing = 0;
			shellPath = /bin/sh;
			shellScript = "\"${SRCROOT}/Pods/Target Support Files/Pods-CatchEmAll/Pods-CatchEmAll-resources.sh\"\n";
			showEnvVarsInLog = 0;
		};
		D743EBB172FDAF36C9DA59AB /* [CP] Copy Pods Resources */ = {
			isa = PBXShellScriptBuildPhase;
			buildActionMask = 2147483647;
			files = (
			);
			inputPaths = (
			);
			name = "[CP] Copy Pods Resources";
			outputPaths = (
			);
			runOnlyForDeploymentPostprocessing = 0;
			shellPath = /bin/sh;
			shellScript = "\"${SRCROOT}/Pods/Target Support Files/Pods-CatchEmAllTests/Pods-CatchEmAllTests-resources.sh\"\n";
			showEnvVarsInLog = 0;
		};
		E699D76837AE9BDC7FC70EFB /* [CP] Check Pods Manifest.lock */ = {
			isa = PBXShellScriptBuildPhase;
			buildActionMask = 2147483647;
			files = (
			);
			inputPaths = (
			);
			name = "[CP] Check Pods Manifest.lock";
			outputPaths = (
			);
			runOnlyForDeploymentPostprocessing = 0;
			shellPath = /bin/sh;
			shellScript = "diff \"${PODS_ROOT}/../Podfile.lock\" \"${PODS_ROOT}/Manifest.lock\" > /dev/null\nif [[ $? != 0 ]] ; then\n    cat << EOM\nerror: The sandbox is not in sync with the Podfile.lock. Run 'pod install' or update your CocoaPods installation.\nEOM\n    exit 1\nfi\n";
			showEnvVarsInLog = 0;
		};
/* End PBXShellScriptBuildPhase section */

/* Begin PBXSourcesBuildPhase section */
		5BBC00711D4FD23F000E0B72 /* Sources */ = {
			isa = PBXSourcesBuildPhase;
			buildActionMask = 2147483647;
			files = (
				B7A7166F1D695F45004D395D /* Vehicle.swift in Sources */,
				5BBC007B1D4FD23F000E0B72 /* ViewController.swift in Sources */,
				B79C20D71D6967E800F9512A /* RaceCar.swift in Sources */,
				B79C20D31D6965E500F9512A /* Car.swift in Sources */,
				B79C20DB1D696CE900F9512A /* Plane.swift in Sources */,
				5BBC00791D4FD23F000E0B72 /* AppDelegate.swift in Sources */,
				B79C20DF1D69758700F9512A /* Jet.swift in Sources */,
			);
			runOnlyForDeploymentPostprocessing = 0;
		};
		5BBC00851D4FD23F000E0B72 /* Sources */ = {
			isa = PBXSourcesBuildPhase;
			buildActionMask = 2147483647;
			files = (
				B79C20E11D6975C100F9512A /* JetSpec.swift in Sources */,
				B7A716711D695F59004D395D /* VehicleSpec.swift in Sources */,
				B79C20DD1D696DDC00F9512A /* PlaneSpec.swift in Sources */,
				B79C20D91D6968A700F9512A /* RaceCar.swift in Sources */,
				B79C20D51D69668F00F9512A /* CarSpec.swift in Sources */,
			);
			runOnlyForDeploymentPostprocessing = 0;
		};
/* End PBXSourcesBuildPhase section */

/* Begin PBXTargetDependency section */
		5BBC008B1D4FD23F000E0B72 /* PBXTargetDependency */ = {
			isa = PBXTargetDependency;
			target = 5BBC00741D4FD23F000E0B72 /* CatchEmAll */;
			targetProxy = 5BBC008A1D4FD23F000E0B72 /* PBXContainerItemProxy */;
		};
/* End PBXTargetDependency section */

/* Begin PBXVariantGroup section */
		5BBC007C1D4FD23F000E0B72 /* Main.storyboard */ = {
			isa = PBXVariantGroup;
			children = (
				5BBC007D1D4FD23F000E0B72 /* Base */,
			);
			name = Main.storyboard;
			sourceTree = "<group>";
		};
		5BBC00811D4FD23F000E0B72 /* LaunchScreen.storyboard */ = {
			isa = PBXVariantGroup;
			children = (
				5BBC00821D4FD23F000E0B72 /* Base */,
			);
			name = LaunchScreen.storyboard;
			sourceTree = "<group>";
		};
/* End PBXVariantGroup section */

/* Begin XCBuildConfiguration section */
		5BBC00901D4FD23F000E0B72 /* Debug */ = {
			isa = XCBuildConfiguration;
			buildSettings = {
				ALWAYS_SEARCH_USER_PATHS = NO;
				CLANG_ANALYZER_NONNULL = YES;
				CLANG_CXX_LANGUAGE_STANDARD = "gnu++0x";
				CLANG_CXX_LIBRARY = "libc++";
				CLANG_ENABLE_MODULES = YES;
				CLANG_ENABLE_OBJC_ARC = YES;
				CLANG_WARN_BOOL_CONVERSION = YES;
				CLANG_WARN_CONSTANT_CONVERSION = YES;
				CLANG_WARN_DIRECT_OBJC_ISA_USAGE = YES_ERROR;
				CLANG_WARN_EMPTY_BODY = YES;
				CLANG_WARN_ENUM_CONVERSION = YES;
				CLANG_WARN_INFINITE_RECURSION = YES;
				CLANG_WARN_INT_CONVERSION = YES;
				CLANG_WARN_OBJC_ROOT_CLASS = YES_ERROR;
				CLANG_WARN_SUSPICIOUS_MOVE = YES;
				CLANG_WARN_UNREACHABLE_CODE = YES;
				CLANG_WARN__DUPLICATE_METHOD_MATCH = YES;
				"CODE_SIGN_IDENTITY[sdk=iphoneos*]" = "iPhone Developer";
				COPY_PHASE_STRIP = NO;
				DEBUG_INFORMATION_FORMAT = dwarf;
				ENABLE_STRICT_OBJC_MSGSEND = YES;
				ENABLE_TESTABILITY = YES;
				GCC_C_LANGUAGE_STANDARD = gnu99;
				GCC_DYNAMIC_NO_PIC = NO;
				GCC_NO_COMMON_BLOCKS = YES;
				GCC_OPTIMIZATION_LEVEL = 0;
				GCC_PREPROCESSOR_DEFINITIONS = (
					"DEBUG=1",
					"$(inherited)",
				);
				GCC_WARN_64_TO_32_BIT_CONVERSION = YES;
				GCC_WARN_ABOUT_RETURN_TYPE = YES_ERROR;
				GCC_WARN_UNDECLARED_SELECTOR = YES;
				GCC_WARN_UNINITIALIZED_AUTOS = YES_AGGRESSIVE;
				GCC_WARN_UNUSED_FUNCTION = YES;
				GCC_WARN_UNUSED_VARIABLE = YES;
				IPHONEOS_DEPLOYMENT_TARGET = 9.3;
				MTL_ENABLE_DEBUG_INFO = YES;
				ONLY_ACTIVE_ARCH = YES;
				SDKROOT = iphoneos;
				SWIFT_OPTIMIZATION_LEVEL = "-Onone";
			};
			name = Debug;
		};
		5BBC00911D4FD23F000E0B72 /* Release */ = {
			isa = XCBuildConfiguration;
			buildSettings = {
				ALWAYS_SEARCH_USER_PATHS = NO;
				CLANG_ANALYZER_NONNULL = YES;
				CLANG_CXX_LANGUAGE_STANDARD = "gnu++0x";
				CLANG_CXX_LIBRARY = "libc++";
				CLANG_ENABLE_MODULES = YES;
				CLANG_ENABLE_OBJC_ARC = YES;
				CLANG_WARN_BOOL_CONVERSION = YES;
				CLANG_WARN_CONSTANT_CONVERSION = YES;
				CLANG_WARN_DIRECT_OBJC_ISA_USAGE = YES_ERROR;
				CLANG_WARN_EMPTY_BODY = YES;
				CLANG_WARN_ENUM_CONVERSION = YES;
				CLANG_WARN_INFINITE_RECURSION = YES;
				CLANG_WARN_INT_CONVERSION = YES;
				CLANG_WARN_OBJC_ROOT_CLASS = YES_ERROR;
				CLANG_WARN_SUSPICIOUS_MOVE = YES;
				CLANG_WARN_UNREACHABLE_CODE = YES;
				CLANG_WARN__DUPLICATE_METHOD_MATCH = YES;
				"CODE_SIGN_IDENTITY[sdk=iphoneos*]" = "iPhone Developer";
				COPY_PHASE_STRIP = NO;
				DEBUG_INFORMATION_FORMAT = "dwarf-with-dsym";
				ENABLE_NS_ASSERTIONS = NO;
				ENABLE_STRICT_OBJC_MSGSEND = YES;
				GCC_C_LANGUAGE_STANDARD = gnu99;
				GCC_NO_COMMON_BLOCKS = YES;
				GCC_WARN_64_TO_32_BIT_CONVERSION = YES;
				GCC_WARN_ABOUT_RETURN_TYPE = YES_ERROR;
				GCC_WARN_UNDECLARED_SELECTOR = YES;
				GCC_WARN_UNINITIALIZED_AUTOS = YES_AGGRESSIVE;
				GCC_WARN_UNUSED_FUNCTION = YES;
				GCC_WARN_UNUSED_VARIABLE = YES;
				IPHONEOS_DEPLOYMENT_TARGET = 9.3;
				MTL_ENABLE_DEBUG_INFO = NO;
				SDKROOT = iphoneos;
				SWIFT_OPTIMIZATION_LEVEL = "-Owholemodule";
				VALIDATE_PRODUCT = YES;
			};
			name = Release;
		};
		5BBC00931D4FD23F000E0B72 /* Debug */ = {
			isa = XCBuildConfiguration;
			baseConfigurationReference = 54AAA4E520252A06AF99366F /* Pods-CatchEmAll.debug.xcconfig */;
			buildSettings = {
				ASSETCATALOG_COMPILER_APPICON_NAME = AppIcon;
				INFOPLIST_FILE = CatchEmAll/Info.plist;
				LD_RUNPATH_SEARCH_PATHS = "$(inherited) @executable_path/Frameworks";
				PRODUCT_BUNDLE_IDENTIFIER = com.flatironSchool.CatchEmAll;
				PRODUCT_NAME = "$(TARGET_NAME)";
				SWIFT_VERSION = 3.0;
			};
			name = Debug;
		};
		5BBC00941D4FD23F000E0B72 /* Release */ = {
			isa = XCBuildConfiguration;
			baseConfigurationReference = E16FC23C64546C52A0032DAB /* Pods-CatchEmAll.release.xcconfig */;
			buildSettings = {
				ASSETCATALOG_COMPILER_APPICON_NAME = AppIcon;
				INFOPLIST_FILE = CatchEmAll/Info.plist;
				LD_RUNPATH_SEARCH_PATHS = "$(inherited) @executable_path/Frameworks";
				PRODUCT_BUNDLE_IDENTIFIER = com.flatironSchool.CatchEmAll;
				PRODUCT_NAME = "$(TARGET_NAME)";
				SWIFT_VERSION = 3.0;
			};
			name = Release;
		};
		5BBC00961D4FD23F000E0B72 /* Debug */ = {
			isa = XCBuildConfiguration;
			baseConfigurationReference = CD603CE32CCC5341EA172E4F /* Pods-CatchEmAllTests.debug.xcconfig */;
			buildSettings = {
				ALWAYS_EMBED_SWIFT_STANDARD_LIBRARIES = YES;
				BUNDLE_LOADER = "$(TEST_HOST)";
				CLANG_ENABLE_MODULES = YES;
				INFOPLIST_FILE = CatchEmAllTests/Info.plist;
				LD_RUNPATH_SEARCH_PATHS = "$(inherited) @executable_path/Frameworks @loader_path/Frameworks";
				PRODUCT_BUNDLE_IDENTIFIER = com.flatironSchool.CatchEmAllTests;
				PRODUCT_NAME = "$(TARGET_NAME)";
				SWIFT_OPTIMIZATION_LEVEL = "-Onone";
				SWIFT_VERSION = 3.0;
				TEST_HOST = "$(BUILT_PRODUCTS_DIR)/CatchEmAll.app/CatchEmAll";
			};
			name = Debug;
		};
		5BBC00971D4FD23F000E0B72 /* Release */ = {
			isa = XCBuildConfiguration;
			baseConfigurationReference = 9152039817C62107787483EE /* Pods-CatchEmAllTests.release.xcconfig */;
			buildSettings = {
				ALWAYS_EMBED_SWIFT_STANDARD_LIBRARIES = YES;
				BUNDLE_LOADER = "$(TEST_HOST)";
				CLANG_ENABLE_MODULES = YES;
				INFOPLIST_FILE = CatchEmAllTests/Info.plist;
				LD_RUNPATH_SEARCH_PATHS = "$(inherited) @executable_path/Frameworks @loader_path/Frameworks";
				PRODUCT_BUNDLE_IDENTIFIER = com.flatironSchool.CatchEmAllTests;
				PRODUCT_NAME = "$(TARGET_NAME)";
				SWIFT_VERSION = 3.0;
				TEST_HOST = "$(BUILT_PRODUCTS_DIR)/CatchEmAll.app/CatchEmAll";
			};
			name = Release;
		};
/* End XCBuildConfiguration section */

/* Begin XCConfigurationList section */
		5BBC00701D4FD23F000E0B72 /* Build configuration list for PBXProject "CatchEmAll" */ = {
			isa = XCConfigurationList;
			buildConfigurations = (
				5BBC00901D4FD23F000E0B72 /* Debug */,
				5BBC00911D4FD23F000E0B72 /* Release */,
			);
			defaultConfigurationIsVisible = 0;
			defaultConfigurationName = Release;
		};
		5BBC00921D4FD23F000E0B72 /* Build configuration list for PBXNativeTarget "CatchEmAll" */ = {
			isa = XCConfigurationList;
			buildConfigurations = (
				5BBC00931D4FD23F000E0B72 /* Debug */,
				5BBC00941D4FD23F000E0B72 /* Release */,
			);
			defaultConfigurationIsVisible = 0;
			defaultConfigurationName = Release;
		};
		5BBC00951D4FD23F000E0B72 /* Build configuration list for PBXNativeTarget "CatchEmAllTests" */ = {
			isa = XCConfigurationList;
			buildConfigurations = (
				5BBC00961D4FD23F000E0B72 /* Debug */,
				5BBC00971D4FD23F000E0B72 /* Release */,
			);
			defaultConfigurationIsVisible = 0;
			defaultConfigurationName = Release;
		};
/* End XCConfigurationList section */
	};
	rootObject = 5BBC006D1D4FD23F000E0B72 /* Project object */;
}
